// !$*UTF8*$!
{
	archiveVersion = 1;
	classes = {
	};
	objectVersion = 50;
	objects = {

/* Begin PBXBuildFile section */
		EE23DCE22491DD4E00CD3B34 /* AppDelegate.swift in Sources */ = {isa = PBXBuildFile; fileRef = EE23DCE12491DD4E00CD3B34 /* AppDelegate.swift */; };
		EE23DCE42491DD4E00CD3B34 /* SceneDelegate.swift in Sources */ = {isa = PBXBuildFile; fileRef = EE23DCE32491DD4E00CD3B34 /* SceneDelegate.swift */; };
		EE23DCE62491DD4E00CD3B34 /* ViewController.swift in Sources */ = {isa = PBXBuildFile; fileRef = EE23DCE52491DD4E00CD3B34 /* ViewController.swift */; };
		EE23DCE92491DD4E00CD3B34 /* Main.storyboard in Resources */ = {isa = PBXBuildFile; fileRef = EE23DCE72491DD4E00CD3B34 /* Main.storyboard */; };
		EE23DCEB2491DD5000CD3B34 /* Assets.xcassets in Resources */ = {isa = PBXBuildFile; fileRef = EE23DCEA2491DD5000CD3B34 /* Assets.xcassets */; };
		EE23DCEE2491DD5000CD3B34 /* LaunchScreen.storyboard in Resources */ = {isa = PBXBuildFile; fileRef = EE23DCEC2491DD5000CD3B34 /* LaunchScreen.storyboard */; };
/* End PBXBuildFile section */

/* Begin PBXFileReference section */
		EE23DCDE2491DD4E00CD3B34 /* testing1.app */ = {isa = PBXFileReference; explicitFileType = wrapper.application; includeInIndex = 0; path = testing1.app; sourceTree = BUILT_PRODUCTS_DIR; };
		EE23DCE12491DD4E00CD3B34 /* AppDelegate.swift */ = {isa = PBXFileReference; lastKnownFileType = sourcecode.swift; path = AppDelegate.swift; sourceTree = "<group>"; };
		EE23DCE32491DD4E00CD3B34 /* SceneDelegate.swift */ = {isa = PBXFileReference; lastKnownFileType = sourcecode.swift; path = SceneDelegate.swift; sourceTree = "<group>"; };
		EE23DCE52491DD4E00CD3B34 /* ViewController.swift */ = {isa = PBXFileReference; lastKnownFileType = sourcecode.swift; path = ViewController.swift; sourceTree = "<group>"; };
		EE23DCE82491DD4E00CD3B34 /* Base */ = {isa = PBXFileReference; lastKnownFileType = file.storyboard; name = Base; path = Base.lproj/Main.storyboard; sourceTree = "<group>"; };
		EE23DCEA2491DD5000CD3B34 /* Assets.xcassets */ = {isa = PBXFileReference; lastKnownFileType = folder.assetcatalog; path = Assets.xcassets; sourceTree = "<group>"; };
		EE23DCED2491DD5000CD3B34 /* Base */ = {isa = PBXFileReference; lastKnownFileType = file.storyboard; name = Base; path = Base.lproj/LaunchScreen.storyboard; sourceTree = "<group>"; };
		EE23DCEF2491DD5000CD3B34 /* Info.plist */ = {isa = PBXFileReference; lastKnownFileType = text.plist.xml; path = Info.plist; sourceTree = "<group>"; };
/* End PBXFileReference section */

/* Begin PBXFrameworksBuildPhase section */
		EE23DCDB2491DD4E00CD3B34 /* Frameworks */ = {
			isa = PBXFrameworksBuildPhase;
			buildActionMask = 2147483647;
			files = (
			);
			runOnlyForDeploymentPostprocessing = 0;
		};
/* End PBXFrameworksBuildPhase section */

/* Begin PBXGroup section */
		EE23DCD52491DD4E00CD3B34 = {
			isa = PBXGroup;
			children = (
				EE23DCE02491DD4E00CD3B34 /* testing1 */,
				EE23DCDF2491DD4E00CD3B34 /* Products */,
			);
			sourceTree = "<group>";
		};
		EE23DCDF2491DD4E00CD3B34 /* Products */ = {
			isa = PBXGroup;
			children = (
				EE23DCDE2491DD4E00CD3B34 /* testing1.app */,
			);
			name = Products;
			sourceTree = "<group>";
		};
		EE23DCE02491DD4E00CD3B34 /* testing1 */ = {
			isa = PBXGroup;
			children = (
				EE23DCE12491DD4E00CD3B34 /* AppDelegate.swift */,
				EE23DCE32491DD4E00CD3B34 /* SceneDelegate.swift */,
				EE23DCE52491DD4E00CD3B34 /* ViewController.swift */,
				EE23DCE72491DD4E00CD3B34 /* Main.storyboard */,
				EE23DCEA2491DD5000CD3B34 /* Assets.xcassets */,
				EE23DCEC2491DD5000CD3B34 /* LaunchScreen.storyboard */,
				EE23DCEF2491DD5000CD3B34 /* Info.plist */,
			);
			path = testing1;
			sourceTree = "<group>";
		};
/* End PBXGroup section */

/* Begin PBXNativeTarget section */
		EE23DCDD2491DD4E00CD3B34 /* testing1 */ = {
			isa = PBXNativeTarget;
			buildConfigurationList = EE23DCF22491DD5000CD3B34 /* Build configuration list for PBXNativeTarget "testing1" */;
			buildPhases = (
				EE23DCDA2491DD4E00CD3B34 /* Sources */,
				EE23DCDB2491DD4E00CD3B34 /* Frameworks */,
				EE23DCDC2491DD4E00CD3B34 /* Resources */,
			);
			buildRules = (
			);
			dependencies = (
			);
			name = testing1;
			productName = testing1;
			productReference = EE23DCDE2491DD4E00CD3B34 /* testing1.app */;
			productType = "com.apple.product-type.application";
		};
/* End PBXNativeTarget section */

/* Begin PBXProject section */
		EE23DCD62491DD4E00CD3B34 /* Project object */ = {
			isa = PBXProject;
			attributes = {
				LastSwiftUpdateCheck = 1140;
				LastUpgradeCheck = 1140;
				ORGANIZATIONNAME = "Petter Petter";
				TargetAttributes = {
					EE23DCDD2491DD4E00CD3B34 = {
						CreatedOnToolsVersion = 11.4;
					};
				};
			};
			buildConfigurationList = EE23DCD92491DD4E00CD3B34 /* Build configuration list for PBXProject "testing1" */;
			compatibilityVersion = "Xcode 9.3";
			developmentRegion = en;
			hasScannedForEncodings = 0;
			knownRegions = (
				en,
				Base,
			);
			mainGroup = EE23DCD52491DD4E00CD3B34;
			productRefGroup = EE23DCDF2491DD4E00CD3B34 /* Products */;
			projectDirPath = "";
			projectRoot = "";
			targets = (
				EE23DCDD2491DD4E00CD3B34 /* testing1 */,
			);
		};
/* End PBXProject section */

/* Begin PBXResourcesBuildPhase section */
		EE23DCDC2491DD4E00CD3B34 /* Resources */ = {
			isa = PBXResourcesBuildPhase;
			buildActionMask = 2147483647;
			files = (
				EE23DCEE2491DD5000CD3B34 /* LaunchScreen.storyboard in Resources */,
				EE23DCEB2491DD5000CD3B34 /* Assets.xcassets in Resources */,
				EE23DCE92491DD4E00CD3B34 /* Main.storyboard in Resources */,
			);
			runOnlyForDeploymentPostprocessing = 0;
		};
/* End PBXResourcesBuildPhase section */

/* Begin PBXSourcesBuildPhase section */
		EE23DCDA2491DD4E00CD3B34 /* Sources */ = {
			isa = PBXSourcesBuildPhase;
			buildActionMask = 2147483647;
			files = (
				EE23DCE62491DD4E00CD3B34 /* ViewController.swift in Sources */,
				EE23DCE22491DD4E00CD3B34 /* AppDelegate.swift in Sources */,
				EE23DCE42491DD4E00CD3B34 /* SceneDelegate.swift in Sources */,
			);
			runOnlyForDeploymentPostprocessing = 0;
		};
/* End PBXSourcesBuildPhase section */

/* Begin PBXVariantGroup section */
		EE23DCE72491DD4E00CD3B34 /* Main.storyboard */ = {
			isa = PBXVariantGroup;
			children = (
				EE23DCE82491DD4E00CD3B34 /* Base */,
			);
			name = Main.storyboard;
			sourceTree = "<group>";
		};
		EE23DCEC2491DD5000CD3B34 /* LaunchScreen.storyboard */ = {
			isa = PBXVariantGroup;
			children = (
				EE23DCED2491DD5000CD3B34 /* Base */,
			);
			name = LaunchScreen.storyboard;
			sourceTree = "<group>";
		};
/* End PBXVariantGroup section */

/* Begin XCBuildConfiguration section */
		EE23DCF02491DD5000CD3B34 /* Debug */ = {
			isa = XCBuildConfiguration;
			buildSettings = {
				ALWAYS_SEARCH_USER_PATHS = NO;
				CLANG_ANALYZER_NONNULL = YES;
				CLANG_ANALYZER_NUMBER_OBJECT_CONVERSION = YES_AGGRESSIVE;
				CLANG_CXX_LANGUAGE_STANDARD = "gnu++14";
				CLANG_CXX_LIBRARY = "libc++";
				CLANG_ENABLE_MODULES = YES;
				CLANG_ENABLE_OBJC_ARC = YES;
				CLANG_ENABLE_OBJC_WEAK = YES;
				CLANG_WARN_BLOCK_CAPTURE_AUTORELEASING = YES;
				CLANG_WARN_BOOL_CONVERSION = YES;
				CLANG_WARN_COMMA = YES;
				CLANG_WARN_CONSTANT_CONVERSION = YES;
				CLANG_WARN_DEPRECATED_OBJC_IMPLEMENTATIONS = YES;
				CLANG_WARN_DIRECT_OBJC_ISA_USAGE = YES_ERROR;
				CLANG_WARN_DOCUMENTATION_COMMENTS = YES;
				CLANG_WARN_EMPTY_BODY = YES;
				CLANG_WARN_ENUM_CONVERSION = YES;
				CLANG_WARN_INFINITE_RECURSION = YES;
				CLANG_WARN_INT_CONVERSION = YES;
				CLANG_WARN_NON_LITERAL_NULL_CONVERSION = YES;
				CLANG_WARN_OBJC_IMPLICIT_RETAIN_SELF = YES;
				CLANG_WARN_OBJC_LITERAL_CONVERSION = YES;
				CLANG_WARN_OBJC_ROOT_CLASS = YES_ERROR;
				CLANG_WARN_RANGE_LOOP_ANALYSIS = YES;
				CLANG_WARN_STRICT_PROTOTYPES = YES;
				CLANG_WARN_SUSPICIOUS_MOVE = YES;
				CLANG_WARN_UNGUARDED_AVAILABILITY = YES_AGGRESSIVE;
				CLANG_WARN_UNREACHABLE_CODE = YES;
				CLANG_WARN__DUPLICATE_METHOD_MATCH = YES;
				COPY_PHASE_STRIP = NO;
				DEBUG_INFORMATION_FORMAT = dwarf;
				ENABLE_STRICT_OBJC_MSGSEND = YES;
				ENABLE_TESTABILITY = YES;
				GCC_C_LANGUAGE_STANDARD = gnu11;
				GCC_DYNAMIC_NO_PIC = NO;
				GCC_NO_COMMON_BLOCKS = YES;
				GCC_OPTIMIZATION_LEVEL = 0;
				GCC_PREPROCESSOR_DEFINITIONS = (
					"DEBUG=1",
					"$(inherited)",
				);
				GCC_WARN_64_TO_32_BIT_CONVERSION = YES;
				GCC_WARN_ABOUT_RETURN_TYPE = YES_ERROR;
				GCC_WARN_UNDECLARED_SELECTOR = YES;
				GCC_WARN_UNINITIALIZED_AUTOS = YES_AGGRESSIVE;
				GCC_WARN_UNUSED_FUNCTION = YES;
				GCC_WARN_UNUSED_VARIABLE = YES;
				IPHONEOS_DEPLOYMENT_TARGET = 13.4;
				MTL_ENABLE_DEBUG_INFO = INCLUDE_SOURCE;
				MTL_FAST_MATH = YES;
				ONLY_ACTIVE_ARCH = YES;
				SDKROOT = iphoneos;
				SWIFT_ACTIVE_COMPILATION_CONDITIONS = DEBUG;
				SWIFT_OPTIMIZATION_LEVEL = "-Onone";
			};
			name = Debug;
		};
		EE23DCF12491DD5000CD3B34 /* Release */ = {
			isa = XCBuildConfiguration;
			buildSettings = {
				ALWAYS_SEARCH_USER_PATHS = NO;
				CLANG_ANALYZER_NONNULL = YES;
				CLANG_ANALYZER_NUMBER_OBJECT_CONVERSION = YES_AGGRESSIVE;
				CLANG_CXX_LANGUAGE_STANDARD = "gnu++14";
				CLANG_CXX_LIBRARY = "libc++";
				CLANG_ENABLE_MODULES = YES;
				CLANG_ENABLE_OBJC_ARC = YES;
				CLANG_ENABLE_OBJC_WEAK = YES;
				CLANG_WARN_BLOCK_CAPTURE_AUTORELEASING = YES;
				CLANG_WARN_BOOL_CONVERSION = YES;
				CLANG_WARN_COMMA = YES;
				CLANG_WARN_CONSTANT_CONVERSION = YES;
				CLANG_WARN_DEPRECATED_OBJC_IMPLEMENTATIONS = YES;
				CLANG_WARN_DIRECT_OBJC_ISA_USAGE = YES_ERROR;
				CLANG_WARN_DOCUMENTATION_COMMENTS = YES;
				CLANG_WARN_EMPTY_BODY = YES;
				CLANG_WARN_ENUM_CONVERSION = YES;
				CLANG_WARN_INFINITE_RECURSION = YES;
				CLANG_WARN_INT_CONVERSION = YES;
				CLANG_WARN_NON_LITERAL_NULL_CONVERSION = YES;
				CLANG_WARN_OBJC_IMPLICIT_RETAIN_SELF = YES;
				CLANG_WARN_OBJC_LITERAL_CONVERSION = YES;
				CLANG_WARN_OBJC_ROOT_CLASS = YES_ERROR;
				CLANG_WARN_RANGE_LOOP_ANALYSIS = YES;
				CLANG_WARN_STRICT_PROTOTYPES = YES;
				CLANG_WARN_SUSPICIOUS_MOVE = YES;
				CLANG_WARN_UNGUARDED_AVAILABILITY = YES_AGGRESSIVE;
				CLANG_WARN_UNREACHABLE_CODE = YES;
				CLANG_WARN__DUPLICATE_METHOD_MATCH = YES;
				COPY_PHASE_STRIP = NO;
				DEBUG_INFORMATION_FORMAT = "dwarf-with-dsym";
				ENABLE_NS_ASSERTIONS = NO;
				ENABLE_STRICT_OBJC_MSGSEND = YES;
				GCC_C_LANGUAGE_STANDARD = gnu11;
				GCC_NO_COMMON_BLOCKS = YES;
				GCC_WARN_64_TO_32_BIT_CONVERSION = YES;
				GCC_WARN_ABOUT_RETURN_TYPE = YES_ERROR;
				GCC_WARN_UNDECLARED_SELECTOR = YES;
				GCC_WARN_UNINITIALIZED_AUTOS = YES_AGGRESSIVE;
				GCC_WARN_UNUSED_FUNCTION = YES;
				GCC_WARN_UNUSED_VARIABLE = YES;
				IPHONEOS_DEPLOYMENT_TARGET = 13.4;
				MTL_ENABLE_DEBUG_INFO = NO;
				MTL_FAST_MATH = YES;
				SDKROOT = iphoneos;
				SWIFT_COMPILATION_MODE = wholemodule;
				SWIFT_OPTIMIZATION_LEVEL = "-O";
				VALIDATE_PRODUCT = YES;
			};
			name = Release;
		};
		EE23DCF32491DD5000CD3B34 /* Debug */ = {
			isa = XCBuildConfiguration;
			buildSettings = {
				ASSETCATALOG_COMPILER_APPICON_NAME = AppIcon;
				CODE_SIGN_STYLE = Automatic;
				DEVELOPMENT_TEAM = 6AR4M2Z7B8;
				INFOPLIST_FILE = testing1/Info.plist;
				LD_RUNPATH_SEARCH_PATHS = (
					"$(inherited)",
					"@executable_path/Frameworks",
				);
				PRODUCT_BUNDLE_IDENTIFIER = com.petter.testing1;
				PRODUCT_NAME = "$(TARGET_NAME)";
				SWIFT_VERSION = 5.0;
				TARGETED_DEVICE_FAMILY = "1,2";
			};
			name = Debug;
		};
		EE23DCF42491DD5000CD3B34 /* Release */ = {
			isa = XCBuildConfiguration;
			buildSettings = {
				ASSETCATALOG_COMPILER_APPICON_NAME = AppIcon;
				CODE_SIGN_STYLE = Automatic;
				DEVELOPMENT_TEAM = 6AR4M2Z7B8;
				INFOPLIST_FILE = testing1/Info.plist;
				LD_RUNPATH_SEARCH_PATHS = (
					"$(inherited)",
					"@executable_path/Frameworks",
				);
				PRODUCT_BUNDLE_IDENTIFIER = com.petter.testing1;
				PRODUCT_NAME = "$(TARGET_NAME)";
				SWIFT_VERSION = 5.0;
				TARGETED_DEVICE_FAMILY = "1,2";
			};
			name = Release;
		};
/* End XCBuildConfiguration section */

/* Begin XCConfigurationList section */
		EE23DCD92491DD4E00CD3B34 /* Build configuration list for PBXProject "testing1" */ = {
			isa = XCConfigurationList;
			buildConfigurations = (
				EE23DCF02491DD5000CD3B34 /* Debug */,
				EE23DCF12491DD5000CD3B34 /* Release */,
			);
			defaultConfigurationIsVisible = 0;
			defaultConfigurationName = Release;
		};
		EE23DCF22491DD5000CD3B34 /* Build configuration list for PBXNativeTarget "testing1" */ = {
			isa = XCConfigurationList;
			buildConfigurations = (
				EE23DCF32491DD5000CD3B34 /* Debug */,
				EE23DCF42491DD5000CD3B34 /* Release */,
			);
			defaultConfigurationIsVisible = 0;
			defaultConfigurationName = Release;
		};
/* End XCConfigurationList section */
	};
	rootObject = EE23DCD62491DD4E00CD3B34 /* Project object */;
}
